// !$*UTF8*$!
{
	archiveVersion = 1;
	classes = {
	};
	objectVersion = 50;
	objects = {

/* Begin PBXBuildFile section */
		5237003325EBC8E1009A0C3C /* Extensions.swift in Sources */ = {isa = PBXBuildFile; fileRef = 5237003225EBC8E1009A0C3C /* Extensions.swift */; };
		52CCA78525EBBD8000FB2333 /* AppDelegate.swift in Sources */ = {isa = PBXBuildFile; fileRef = 52CCA78425EBBD8000FB2333 /* AppDelegate.swift */; };
		52CCA78725EBBD8000FB2333 /* SceneDelegate.swift in Sources */ = {isa = PBXBuildFile; fileRef = 52CCA78625EBBD8000FB2333 /* SceneDelegate.swift */; };
		52CCA78925EBBD8000FB2333 /* ConversationsViewController.swift in Sources */ = {isa = PBXBuildFile; fileRef = 52CCA78825EBBD8000FB2333 /* ConversationsViewController.swift */; };
		52CCA78C25EBBD8000FB2333 /* Main.storyboard in Resources */ = {isa = PBXBuildFile; fileRef = 52CCA78A25EBBD8000FB2333 /* Main.storyboard */; };
		52CCA78E25EBBD8200FB2333 /* Assets.xcassets in Resources */ = {isa = PBXBuildFile; fileRef = 52CCA78D25EBBD8200FB2333 /* Assets.xcassets */; };
		52CCA79125EBBD8200FB2333 /* LaunchScreen.storyboard in Resources */ = {isa = PBXBuildFile; fileRef = 52CCA78F25EBBD8200FB2333 /* LaunchScreen.storyboard */; };
		52CCA7A325EBBFE400FB2333 /* LoginViewController.swift in Sources */ = {isa = PBXBuildFile; fileRef = 52CCA7A225EBBFE400FB2333 /* LoginViewController.swift */; };
		52CCA7A625EBBFFF00FB2333 /* RegisterViewController.swift in Sources */ = {isa = PBXBuildFile; fileRef = 52CCA7A525EBBFFF00FB2333 /* RegisterViewController.swift */; };
		52CCA7A925EBC01D00FB2333 /* PhotoViewerViewController.swift in Sources */ = {isa = PBXBuildFile; fileRef = 52CCA7A825EBC01D00FB2333 /* PhotoViewerViewController.swift */; };
		52CCA7AC25EBC03600FB2333 /* VideoPlayerViewController.swift in Sources */ = {isa = PBXBuildFile; fileRef = 52CCA7AB25EBC03600FB2333 /* VideoPlayerViewController.swift */; };
		52CCA7AF25EBC05A00FB2333 /* NewConversationViewController.swift in Sources */ = {isa = PBXBuildFile; fileRef = 52CCA7AE25EBC05A00FB2333 /* NewConversationViewController.swift */; };
		52CCA7B225EBC06A00FB2333 /* ProfileViewController.swift in Sources */ = {isa = PBXBuildFile; fileRef = 52CCA7B125EBC06A00FB2333 /* ProfileViewController.swift */; };
/* End PBXBuildFile section */

/* Begin PBXFileReference section */
		5237003225EBC8E1009A0C3C /* Extensions.swift */ = {isa = PBXFileReference; lastKnownFileType = sourcecode.swift; path = Extensions.swift; sourceTree = "<group>"; };
		52CCA78125EBBD8000FB2333 /* Messenger.app */ = {isa = PBXFileReference; explicitFileType = wrapper.application; includeInIndex = 0; path = Messenger.app; sourceTree = BUILT_PRODUCTS_DIR; };
		52CCA78425EBBD8000FB2333 /* AppDelegate.swift */ = {isa = PBXFileReference; lastKnownFileType = sourcecode.swift; path = AppDelegate.swift; sourceTree = "<group>"; };
		52CCA78625EBBD8000FB2333 /* SceneDelegate.swift */ = {isa = PBXFileReference; lastKnownFileType = sourcecode.swift; path = SceneDelegate.swift; sourceTree = "<group>"; };
		52CCA78825EBBD8000FB2333 /* ConversationsViewController.swift */ = {isa = PBXFileReference; lastKnownFileType = sourcecode.swift; path = ConversationsViewController.swift; sourceTree = "<group>"; };
		52CCA78B25EBBD8000FB2333 /* Base */ = {isa = PBXFileReference; lastKnownFileType = file.storyboard; name = Base; path = Base.lproj/Main.storyboard; sourceTree = "<group>"; };
		52CCA78D25EBBD8200FB2333 /* Assets.xcassets */ = {isa = PBXFileReference; lastKnownFileType = folder.assetcatalog; path = Assets.xcassets; sourceTree = "<group>"; };
		52CCA79025EBBD8200FB2333 /* Base */ = {isa = PBXFileReference; lastKnownFileType = file.storyboard; name = Base; path = Base.lproj/LaunchScreen.storyboard; sourceTree = "<group>"; };
		52CCA79225EBBD8200FB2333 /* Info.plist */ = {isa = PBXFileReference; lastKnownFileType = text.plist.xml; path = Info.plist; sourceTree = "<group>"; };
		52CCA7A225EBBFE400FB2333 /* LoginViewController.swift */ = {isa = PBXFileReference; lastKnownFileType = sourcecode.swift; path = LoginViewController.swift; sourceTree = "<group>"; };
		52CCA7A525EBBFFF00FB2333 /* RegisterViewController.swift */ = {isa = PBXFileReference; lastKnownFileType = sourcecode.swift; path = RegisterViewController.swift; sourceTree = "<group>"; };
		52CCA7A825EBC01D00FB2333 /* PhotoViewerViewController.swift */ = {isa = PBXFileReference; lastKnownFileType = sourcecode.swift; path = PhotoViewerViewController.swift; sourceTree = "<group>"; };
		52CCA7AB25EBC03600FB2333 /* VideoPlayerViewController.swift */ = {isa = PBXFileReference; lastKnownFileType = sourcecode.swift; path = VideoPlayerViewController.swift; sourceTree = "<group>"; };
		52CCA7AE25EBC05A00FB2333 /* NewConversationViewController.swift */ = {isa = PBXFileReference; lastKnownFileType = sourcecode.swift; path = NewConversationViewController.swift; sourceTree = "<group>"; };
		52CCA7B125EBC06A00FB2333 /* ProfileViewController.swift */ = {isa = PBXFileReference; lastKnownFileType = sourcecode.swift; path = ProfileViewController.swift; sourceTree = "<group>"; };
/* End PBXFileReference section */

/* Begin PBXFrameworksBuildPhase section */
		52CCA77E25EBBD8000FB2333 /* Frameworks */ = {
			isa = PBXFrameworksBuildPhase;
			buildActionMask = 2147483647;
			files = (
			);
			runOnlyForDeploymentPostprocessing = 0;
		};
/* End PBXFrameworksBuildPhase section */

/* Begin PBXGroup section */
		52CCA77825EBBD8000FB2333 = {
			isa = PBXGroup;
			children = (
				52CCA78325EBBD8000FB2333 /* Messenger */,
				52CCA78225EBBD8000FB2333 /* Products */,
			);
			sourceTree = "<group>";
		};
		52CCA78225EBBD8000FB2333 /* Products */ = {
			isa = PBXGroup;
			children = (
				52CCA78125EBBD8000FB2333 /* Messenger.app */,
			);
			name = Products;
			sourceTree = "<group>";
		};
		52CCA78325EBBD8000FB2333 /* Messenger */ = {
			isa = PBXGroup;
			children = (
				52CCA79D25EBBEC300FB2333 /* Views */,
				52CCA79C25EBBE8400FB2333 /* Resources */,
				52CCA79B25EBBE7800FB2333 /* ViewModels */,
				52CCA79A25EBBE6F00FB2333 /* Models */,
				52CCA79925EBBE6700FB2333 /* Controllers */,
				52CCA79225EBBD8200FB2333 /* Info.plist */,
			);
			path = Messenger;
			sourceTree = "<group>";
		};
		52CCA79925EBBE6700FB2333 /* Controllers */ = {
			isa = PBXGroup;
			children = (
				52CCA7B425EBC10900FB2333 /* Login */,
				52CCA78825EBBD8000FB2333 /* ConversationsViewController.swift */,
				52CCA7A825EBC01D00FB2333 /* PhotoViewerViewController.swift */,
				52CCA7AB25EBC03600FB2333 /* VideoPlayerViewController.swift */,
				52CCA7AE25EBC05A00FB2333 /* NewConversationViewController.swift */,
				52CCA7B125EBC06A00FB2333 /* ProfileViewController.swift */,
			);
			path = Controllers;
			sourceTree = "<group>";
		};
		52CCA79A25EBBE6F00FB2333 /* Models */ = {
			isa = PBXGroup;
			children = (
			);
			path = Models;
			sourceTree = "<group>";
		};
		52CCA79B25EBBE7800FB2333 /* ViewModels */ = {
			isa = PBXGroup;
			children = (
			);
			path = ViewModels;
			sourceTree = "<group>";
		};
		52CCA79C25EBBE8400FB2333 /* Resources */ = {
			isa = PBXGroup;
			children = (
				52CCA78425EBBD8000FB2333 /* AppDelegate.swift */,
				52CCA78625EBBD8000FB2333 /* SceneDelegate.swift */,
				5237003225EBC8E1009A0C3C /* Extensions.swift */,
			);
			path = Resources;
			sourceTree = "<group>";
		};
		52CCA79D25EBBEC300FB2333 /* Views */ = {
			isa = PBXGroup;
			children = (
				52CCA79E25EBBEDA00FB2333 /* Storyboards */,
				52CCA78D25EBBD8200FB2333 /* Assets.xcassets */,
			);
			path = Views;
			sourceTree = "<group>";
		};
		52CCA79E25EBBEDA00FB2333 /* Storyboards */ = {
			isa = PBXGroup;
			children = (
				52CCA78F25EBBD8200FB2333 /* LaunchScreen.storyboard */,
				52CCA78A25EBBD8000FB2333 /* Main.storyboard */,
			);
			path = Storyboards;
			sourceTree = "<group>";
		};
		52CCA7B425EBC10900FB2333 /* Login */ = {
			isa = PBXGroup;
			children = (
				52CCA7A225EBBFE400FB2333 /* LoginViewController.swift */,
				52CCA7A525EBBFFF00FB2333 /* RegisterViewController.swift */,
			);
			path = Login;
			sourceTree = "<group>";
		};
/* End PBXGroup section */

/* Begin PBXNativeTarget section */
		52CCA78025EBBD8000FB2333 /* Messenger */ = {
			isa = PBXNativeTarget;
			buildConfigurationList = 52CCA79525EBBD8200FB2333 /* Build configuration list for PBXNativeTarget "Messenger" */;
			buildPhases = (
				52CCA77D25EBBD8000FB2333 /* Sources */,
				52CCA77E25EBBD8000FB2333 /* Frameworks */,
				52CCA77F25EBBD8000FB2333 /* Resources */,
			);
			buildRules = (
			);
			dependencies = (
			);
			name = Messenger;
			productName = Messenger;
			productReference = 52CCA78125EBBD8000FB2333 /* Messenger.app */;
			productType = "com.apple.product-type.application";
		};
/* End PBXNativeTarget section */

/* Begin PBXProject section */
		52CCA77925EBBD8000FB2333 /* Project object */ = {
			isa = PBXProject;
			attributes = {
				LastSwiftUpdateCheck = 1240;
				LastUpgradeCheck = 1240;
				TargetAttributes = {
					52CCA78025EBBD8000FB2333 = {
						CreatedOnToolsVersion = 12.4;
					};
				};
			};
			buildConfigurationList = 52CCA77C25EBBD8000FB2333 /* Build configuration list for PBXProject "Messenger" */;
			compatibilityVersion = "Xcode 9.3";
			developmentRegion = en;
			hasScannedForEncodings = 0;
			knownRegions = (
				en,
				Base,
			);
			mainGroup = 52CCA77825EBBD8000FB2333;
			productRefGroup = 52CCA78225EBBD8000FB2333 /* Products */;
			projectDirPath = "";
			projectRoot = "";
			targets = (
				52CCA78025EBBD8000FB2333 /* Messenger */,
			);
		};
/* End PBXProject section */

/* Begin PBXResourcesBuildPhase section */
		52CCA77F25EBBD8000FB2333 /* Resources */ = {
			isa = PBXResourcesBuildPhase;
			buildActionMask = 2147483647;
			files = (
				52CCA79125EBBD8200FB2333 /* LaunchScreen.storyboard in Resources */,
				52CCA78E25EBBD8200FB2333 /* Assets.xcassets in Resources */,
				52CCA78C25EBBD8000FB2333 /* Main.storyboard in Resources */,
			);
			runOnlyForDeploymentPostprocessing = 0;
		};
/* End PBXResourcesBuildPhase section */

/* Begin PBXSourcesBuildPhase section */
		52CCA77D25EBBD8000FB2333 /* Sources */ = {
			isa = PBXSourcesBuildPhase;
			buildActionMask = 2147483647;
			files = (
				52CCA7A325EBBFE400FB2333 /* LoginViewController.swift in Sources */,
				52CCA7A625EBBFFF00FB2333 /* RegisterViewController.swift in Sources */,
				52CCA7AF25EBC05A00FB2333 /* NewConversationViewController.swift in Sources */,
				52CCA78925EBBD8000FB2333 /* ConversationsViewController.swift in Sources */,
				52CCA7AC25EBC03600FB2333 /* VideoPlayerViewController.swift in Sources */,
				5237003325EBC8E1009A0C3C /* Extensions.swift in Sources */,
				52CCA78525EBBD8000FB2333 /* AppDelegate.swift in Sources */,
				52CCA7B225EBC06A00FB2333 /* ProfileViewController.swift in Sources */,
				52CCA78725EBBD8000FB2333 /* SceneDelegate.swift in Sources */,
				52CCA7A925EBC01D00FB2333 /* PhotoViewerViewController.swift in Sources */,
			);
			runOnlyForDeploymentPostprocessing = 0;
		};
/* End PBXSourcesBuildPhase section */

/* Begin PBXVariantGroup section */
		52CCA78A25EBBD8000FB2333 /* Main.storyboard */ = {
			isa = PBXVariantGroup;
			children = (
				52CCA78B25EBBD8000FB2333 /* Base */,
			);
			name = Main.storyboard;
			sourceTree = "<group>";
		};
		52CCA78F25EBBD8200FB2333 /* LaunchScreen.storyboard */ = {
			isa = PBXVariantGroup;
			children = (
				52CCA79025EBBD8200FB2333 /* Base */,
			);
			name = LaunchScreen.storyboard;
			sourceTree = "<group>";
		};
/* End PBXVariantGroup section */

/* Begin XCBuildConfiguration section */
		52CCA79325EBBD8200FB2333 /* Debug */ = {
			isa = XCBuildConfiguration;
			buildSettings = {
				ALWAYS_SEARCH_USER_PATHS = NO;
				CLANG_ANALYZER_NONNULL = YES;
				CLANG_ANALYZER_NUMBER_OBJECT_CONVERSION = YES_AGGRESSIVE;
				CLANG_CXX_LANGUAGE_STANDARD = "gnu++14";
				CLANG_CXX_LIBRARY = "libc++";
				CLANG_ENABLE_MODULES = YES;
				CLANG_ENABLE_OBJC_ARC = YES;
				CLANG_ENABLE_OBJC_WEAK = YES;
				CLANG_WARN_BLOCK_CAPTURE_AUTORELEASING = YES;
				CLANG_WARN_BOOL_CONVERSION = YES;
				CLANG_WARN_COMMA = YES;
				CLANG_WARN_CONSTANT_CONVERSION = YES;
				CLANG_WARN_DEPRECATED_OBJC_IMPLEMENTATIONS = YES;
				CLANG_WARN_DIRECT_OBJC_ISA_USAGE = YES_ERROR;
				CLANG_WARN_DOCUMENTATION_COMMENTS = YES;
				CLANG_WARN_EMPTY_BODY = YES;
				CLANG_WARN_ENUM_CONVERSION = YES;
				CLANG_WARN_INFINITE_RECURSION = YES;
				CLANG_WARN_INT_CONVERSION = YES;
				CLANG_WARN_NON_LITERAL_NULL_CONVERSION = YES;
				CLANG_WARN_OBJC_IMPLICIT_RETAIN_SELF = YES;
				CLANG_WARN_OBJC_LITERAL_CONVERSION = YES;
				CLANG_WARN_OBJC_ROOT_CLASS = YES_ERROR;
				CLANG_WARN_QUOTED_INCLUDE_IN_FRAMEWORK_HEADER = YES;
				CLANG_WARN_RANGE_LOOP_ANALYSIS = YES;
				CLANG_WARN_STRICT_PROTOTYPES = YES;
				CLANG_WARN_SUSPICIOUS_MOVE = YES;
				CLANG_WARN_UNGUARDED_AVAILABILITY = YES_AGGRESSIVE;
				CLANG_WARN_UNREACHABLE_CODE = YES;
				CLANG_WARN__DUPLICATE_METHOD_MATCH = YES;
				COPY_PHASE_STRIP = NO;
				DEBUG_INFORMATION_FORMAT = dwarf;
				ENABLE_STRICT_OBJC_MSGSEND = YES;
				ENABLE_TESTABILITY = YES;
				GCC_C_LANGUAGE_STANDARD = gnu11;
				GCC_DYNAMIC_NO_PIC = NO;
				GCC_NO_COMMON_BLOCKS = YES;
				GCC_OPTIMIZATION_LEVEL = 0;
				GCC_PREPROCESSOR_DEFINITIONS = (
					"DEBUG=1",
					"$(inherited)",
				);
				GCC_WARN_64_TO_32_BIT_CONVERSION = YES;
				GCC_WARN_ABOUT_RETURN_TYPE = YES_ERROR;
				GCC_WARN_UNDECLARED_SELECTOR = YES;
				GCC_WARN_UNINITIALIZED_AUTOS = YES_AGGRESSIVE;
				GCC_WARN_UNUSED_FUNCTION = YES;
				GCC_WARN_UNUSED_VARIABLE = YES;
				IPHONEOS_DEPLOYMENT_TARGET = 14.4;
				MTL_ENABLE_DEBUG_INFO = INCLUDE_SOURCE;
				MTL_FAST_MATH = YES;
				ONLY_ACTIVE_ARCH = YES;
				SDKROOT = iphoneos;
				SWIFT_ACTIVE_COMPILATION_CONDITIONS = DEBUG;
				SWIFT_OPTIMIZATION_LEVEL = "-Onone";
			};
			name = Debug;
		};
		52CCA79425EBBD8200FB2333 /* Release */ = {
			isa = XCBuildConfiguration;
			buildSettings = {
				ALWAYS_SEARCH_USER_PATHS = NO;
				CLANG_ANALYZER_NONNULL = YES;
				CLANG_ANALYZER_NUMBER_OBJECT_CONVERSION = YES_AGGRESSIVE;
				CLANG_CXX_LANGUAGE_STANDARD = "gnu++14";
				CLANG_CXX_LIBRARY = "libc++";
				CLANG_ENABLE_MODULES = YES;
				CLANG_ENABLE_OBJC_ARC = YES;
				CLANG_ENABLE_OBJC_WEAK = YES;
				CLANG_WARN_BLOCK_CAPTURE_AUTORELEASING = YES;
				CLANG_WARN_BOOL_CONVERSION = YES;
				CLANG_WARN_COMMA = YES;
				CLANG_WARN_CONSTANT_CONVERSION = YES;
				CLANG_WARN_DEPRECATED_OBJC_IMPLEMENTATIONS = YES;
				CLANG_WARN_DIRECT_OBJC_ISA_USAGE = YES_ERROR;
				CLANG_WARN_DOCUMENTATION_COMMENTS = YES;
				CLANG_WARN_EMPTY_BODY = YES;
				CLANG_WARN_ENUM_CONVERSION = YES;
				CLANG_WARN_INFINITE_RECURSION = YES;
				CLANG_WARN_INT_CONVERSION = YES;
				CLANG_WARN_NON_LITERAL_NULL_CONVERSION = YES;
				CLANG_WARN_OBJC_IMPLICIT_RETAIN_SELF = YES;
				CLANG_WARN_OBJC_LITERAL_CONVERSION = YES;
				CLANG_WARN_OBJC_ROOT_CLASS = YES_ERROR;
				CLANG_WARN_QUOTED_INCLUDE_IN_FRAMEWORK_HEADER = YES;
				CLANG_WARN_RANGE_LOOP_ANALYSIS = YES;
				CLANG_WARN_STRICT_PROTOTYPES = YES;
				CLANG_WARN_SUSPICIOUS_MOVE = YES;
				CLANG_WARN_UNGUARDED_AVAILABILITY = YES_AGGRESSIVE;
				CLANG_WARN_UNREACHABLE_CODE = YES;
				CLANG_WARN__DUPLICATE_METHOD_MATCH = YES;
				COPY_PHASE_STRIP = NO;
				DEBUG_INFORMATION_FORMAT = "dwarf-with-dsym";
				ENABLE_NS_ASSERTIONS = NO;
				ENABLE_STRICT_OBJC_MSGSEND = YES;
				GCC_C_LANGUAGE_STANDARD = gnu11;
				GCC_NO_COMMON_BLOCKS = YES;
				GCC_WARN_64_TO_32_BIT_CONVERSION = YES;
				GCC_WARN_ABOUT_RETURN_TYPE = YES_ERROR;
				GCC_WARN_UNDECLARED_SELECTOR = YES;
				GCC_WARN_UNINITIALIZED_AUTOS = YES_AGGRESSIVE;
				GCC_WARN_UNUSED_FUNCTION = YES;
				GCC_WARN_UNUSED_VARIABLE = YES;
				IPHONEOS_DEPLOYMENT_TARGET = 14.4;
				MTL_ENABLE_DEBUG_INFO = NO;
				MTL_FAST_MATH = YES;
				SDKROOT = iphoneos;
				SWIFT_COMPILATION_MODE = wholemodule;
				SWIFT_OPTIMIZATION_LEVEL = "-O";
				VALIDATE_PRODUCT = YES;
			};
			name = Release;
		};
		52CCA79625EBBD8200FB2333 /* Debug */ = {
			isa = XCBuildConfiguration;
			buildSettings = {
				ASSETCATALOG_COMPILER_APPICON_NAME = AppIcon;
				ASSETCATALOG_COMPILER_GLOBAL_ACCENT_COLOR_NAME = AccentColor;
				CODE_SIGN_STYLE = Automatic;
				INFOPLIST_FILE = Messenger/Info.plist;
				IPHONEOS_DEPLOYMENT_TARGET = 13.0;
				LD_RUNPATH_SEARCH_PATHS = (
					"$(inherited)",
					"@executable_path/Frameworks",
				);
				PRODUCT_BUNDLE_IDENTIFIER = com.uwaisalqadri.Messenger;
				PRODUCT_NAME = "$(TARGET_NAME)";
				SWIFT_VERSION = 5.0;
				TARGETED_DEVICE_FAMILY = "1,2";
			};
			name = Debug;
		};
		52CCA79725EBBD8200FB2333 /* Release */ = {
			isa = XCBuildConfiguration;
			buildSettings = {
				ASSETCATALOG_COMPILER_APPICON_NAME = AppIcon;
				ASSETCATALOG_COMPILER_GLOBAL_ACCENT_COLOR_NAME = AccentColor;
				CODE_SIGN_STYLE = Automatic;
				INFOPLIST_FILE = Messenger/Info.plist;
				IPHONEOS_DEPLOYMENT_TARGET = 13.0;
				LD_RUNPATH_SEARCH_PATHS = (
					"$(inherited)",
					"@executable_path/Frameworks",
				);
				PRODUCT_BUNDLE_IDENTIFIER = com.uwaisalqadri.Messenger;
				PRODUCT_NAME = "$(TARGET_NAME)";
				SWIFT_VERSION = 5.0;
				TARGETED_DEVICE_FAMILY = "1,2";
			};
			name = Release;
		};
/* End XCBuildConfiguration section */

/* Begin XCConfigurationList section */
		52CCA77C25EBBD8000FB2333 /* Build configuration list for PBXProject "Messenger" */ = {
			isa = XCConfigurationList;
			buildConfigurations = (
				52CCA79325EBBD8200FB2333 /* Debug */,
				52CCA79425EBBD8200FB2333 /* Release */,
			);
			defaultConfigurationIsVisible = 0;
			defaultConfigurationName = Release;
		};
		52CCA79525EBBD8200FB2333 /* Build configuration list for PBXNativeTarget "Messenger" */ = {
			isa = XCConfigurationList;
			buildConfigurations = (
				52CCA79625EBBD8200FB2333 /* Debug */,
				52CCA79725EBBD8200FB2333 /* Release */,
			);
			defaultConfigurationIsVisible = 0;
			defaultConfigurationName = Release;
		};
/* End XCConfigurationList section */
	};
	rootObject = 52CCA77925EBBD8000FB2333 /* Project object */;
}
